// !$*UTF8*$!
{
	archiveVersion = 1;
	classes = {
	};
	objectVersion = 46;
	objects = {

/* Begin PBXBuildFile section */
		8649B6E21AB4D4C8009AF977 /* MulticolorPolylineSegment.m in Sources */ = {isa = PBXBuildFile; fileRef = 8649B6E11AB4D4C8009AF977 /* MulticolorPolylineSegment.m */; };
		8649B6E41AB4E37B009AF977 /* CoreBluetooth.framework in Frameworks */ = {isa = PBXBuildFile; fileRef = 8649B6E31AB4E37B009AF977 /* CoreBluetooth.framework */; };
		8649B6E61AB4E386009AF977 /* CoreLocation.framework in Frameworks */ = {isa = PBXBuildFile; fileRef = 8649B6E51AB4E386009AF977 /* CoreLocation.framework */; };
		8689F5BE1AAE979800910B37 /* MathController.m in Sources */ = {isa = PBXBuildFile; fileRef = 8689F5BD1AAE979800910B37 /* MathController.m */; };
		8689F5C01AAE98BC00910B37 /* MathControllerTest.m in Sources */ = {isa = PBXBuildFile; fileRef = 8689F5BF1AAE98BC00910B37 /* MathControllerTest.m */; };
		86F2D4751AA959200045EA17 /* main.m in Sources */ = {isa = PBXBuildFile; fileRef = 86F2D4741AA959200045EA17 /* main.m */; };
		86F2D4781AA959200045EA17 /* AppDelegate.m in Sources */ = {isa = PBXBuildFile; fileRef = 86F2D4771AA959200045EA17 /* AppDelegate.m */; };
		86F2D47B1AA959200045EA17 /* moonrunner.xcdatamodeld in Sources */ = {isa = PBXBuildFile; fileRef = 86F2D4791AA959200045EA17 /* moonrunner.xcdatamodeld */; };
		86F2D4811AA959200045EA17 /* DetailViewController.m in Sources */ = {isa = PBXBuildFile; fileRef = 86F2D4801AA959200045EA17 /* DetailViewController.m */; };
		86F2D4841AA959200045EA17 /* Main.storyboard in Resources */ = {isa = PBXBuildFile; fileRef = 86F2D4821AA959200045EA17 /* Main.storyboard */; };
		86F2D4861AA959200045EA17 /* Images.xcassets in Resources */ = {isa = PBXBuildFile; fileRef = 86F2D4851AA959200045EA17 /* Images.xcassets */; };
		86F2D4891AA959200045EA17 /* LaunchScreen.xib in Resources */ = {isa = PBXBuildFile; fileRef = 86F2D4871AA959200045EA17 /* LaunchScreen.xib */; };
		86F2D4951AA959200045EA17 /* moonrunnerTests.m in Sources */ = {isa = PBXBuildFile; fileRef = 86F2D4941AA959200045EA17 /* moonrunnerTests.m */; };
		86F2D4A01AA95A7B0045EA17 /* Run.m in Sources */ = {isa = PBXBuildFile; fileRef = 86F2D49F1AA95A7B0045EA17 /* Run.m */; };
		86F2D4A31AA95A7C0045EA17 /* Location.m in Sources */ = {isa = PBXBuildFile; fileRef = 86F2D4A21AA95A7C0045EA17 /* Location.m */; };
		86F2D4A51AA95AC00045EA17 /* MapKit.framework in Frameworks */ = {isa = PBXBuildFile; fileRef = 86F2D4A41AA95AC00045EA17 /* MapKit.framework */; };
		86F2D4D21AA96A310045EA17 /* ariel.jpg in Resources */ = {isa = PBXBuildFile; fileRef = 86F2D4A71AA96A310045EA17 /* ariel.jpg */; };
		86F2D4D31AA96A310045EA17 /* asteroid_belt.png in Resources */ = {isa = PBXBuildFile; fileRef = 86F2D4A81AA96A310045EA17 /* asteroid_belt.png */; };
		86F2D4D41AA96A310045EA17 /* atmosphere.jpg in Resources */ = {isa = PBXBuildFile; fileRef = 86F2D4A91AA96A310045EA17 /* atmosphere.jpg */; };
		86F2D4D51AA96A310045EA17 /* badges.txt in Resources */ = {isa = PBXBuildFile; fileRef = 86F2D4AA1AA96A310045EA17 /* badges.txt */; };
		86F2D4D61AA96A310045EA17 /* blue-btn.png in Resources */ = {isa = PBXBuildFile; fileRef = 86F2D4AB1AA96A310045EA17 /* blue-btn.png */; };
		86F2D4D71AA96A310045EA17 /* callisto.jpg in Resources */ = {isa = PBXBuildFile; fileRef = 86F2D4AC1AA96A310045EA17 /* callisto.jpg */; };
		86F2D4D81AA96A310045EA17 /* ceres.jpg in Resources */ = {isa = PBXBuildFile; fileRef = 86F2D4AD1AA96A310045EA17 /* ceres.jpg */; };
		86F2D4D91AA96A310045EA17 /* Default-568h@2x.png in Resources */ = {isa = PBXBuildFile; fileRef = 86F2D4AE1AA96A310045EA17 /* Default-568h@2x.png */; };
		86F2D4DA1AA96A310045EA17 /* deimos.jpg in Resources */ = {isa = PBXBuildFile; fileRef = 86F2D4AF1AA96A310045EA17 /* deimos.jpg */; };
		86F2D4DB1AA96A310045EA17 /* dione.jpg in Resources */ = {isa = PBXBuildFile; fileRef = 86F2D4B01AA96A310045EA17 /* dione.jpg */; };
		86F2D4DC1AA96A310045EA17 /* earth.jpg in Resources */ = {isa = PBXBuildFile; fileRef = 86F2D4B11AA96A310045EA17 /* earth.jpg */; };
		86F2D4DD1AA96A310045EA17 /* enceladus.jpg in Resources */ = {isa = PBXBuildFile; fileRef = 86F2D4B21AA96A310045EA17 /* enceladus.jpg */; };
		86F2D4DE1AA96A310045EA17 /* europa.jpg in Resources */ = {isa = PBXBuildFile; fileRef = 86F2D4B31AA96A310045EA17 /* europa.jpg */; };
		86F2D4DF1AA96A310045EA17 /* ganymede.jpg in Resources */ = {isa = PBXBuildFile; fileRef = 86F2D4B41AA96A310045EA17 /* ganymede.jpg */; };
		86F2D4E01AA96A310045EA17 /* green-btn.png in Resources */ = {isa = PBXBuildFile; fileRef = 86F2D4B51AA96A310045EA17 /* green-btn.png */; };
		86F2D4E11AA96A310045EA17 /* iapetus.jpg in Resources */ = {isa = PBXBuildFile; fileRef = 86F2D4B61AA96A310045EA17 /* iapetus.jpg */; };
		86F2D4E21AA96A310045EA17 /* Icon-App.png in Resources */ = {isa = PBXBuildFile; fileRef = 86F2D4B71AA96A310045EA17 /* Icon-App.png */; };
		86F2D4E31AA96A310045EA17 /* Icon-Settings.png in Resources */ = {isa = PBXBuildFile; fileRef = 86F2D4B81AA96A310045EA17 /* Icon-Settings.png */; };
		86F2D4E41AA96A310045EA17 /* Icon-Spotlight.png in Resources */ = {isa = PBXBuildFile; fileRef = 86F2D4B91AA96A310045EA17 /* Icon-Spotlight.png */; };
		86F2D4E51AA96A310045EA17 /* info@2x.png in Resources */ = {isa = PBXBuildFile; fileRef = 86F2D4BA1AA96A310045EA17 /* info@2x.png */; };
		86F2D4E61AA96A310045EA17 /* interstellar_space.jpg in Resources */ = {isa = PBXBuildFile; fileRef = 86F2D4BB1AA96A310045EA17 /* interstellar_space.jpg */; };
		86F2D4E71AA96A310045EA17 /* io.jpg in Resources */ = {isa = PBXBuildFile; fileRef = 86F2D4BC1AA96A310045EA17 /* io.jpg */; };
		86F2D4E81AA96A310045EA17 /* kuiper_belt.png in Resources */ = {isa = PBXBuildFile; fileRef = 86F2D4BD1AA96A310045EA17 /* kuiper_belt.png */; };
		86F2D4E91AA96A310045EA17 /* magnetotail.png in Resources */ = {isa = PBXBuildFile; fileRef = 86F2D4BE1AA96A310045EA17 /* magnetotail.png */; };
		86F2D4EA1AA96A310045EA17 /* mapPin@2x.png in Resources */ = {isa = PBXBuildFile; fileRef = 86F2D4BF1AA96A310045EA17 /* mapPin@2x.png */; };
		86F2D4EB1AA96A310045EA17 /* mars.jpg in Resources */ = {isa = PBXBuildFile; fileRef = 86F2D4C01AA96A310045EA17 /* mars.jpg */; };
		86F2D4EC1AA96A310045EA17 /* mimas.jpg in Resources */ = {isa = PBXBuildFile; fileRef = 86F2D4C11AA96A310045EA17 /* mimas.jpg */; };
		86F2D4ED1AA96A310045EA17 /* miranda.jpg in Resources */ = {isa = PBXBuildFile; fileRef = 86F2D4C21AA96A310045EA17 /* miranda.jpg */; };
		86F2D4EE1AA96A310045EA17 /* moon.jpg in Resources */ = {isa = PBXBuildFile; fileRef = 86F2D4C31AA96A310045EA17 /* moon.jpg */; };
		86F2D4EF1AA96A310045EA17 /* oberon.jpg in Resources */ = {isa = PBXBuildFile; fileRef = 86F2D4C41AA96A310045EA17 /* oberon.jpg */; };
		86F2D4F01AA96A310045EA17 /* phobos.jpg in Resources */ = {isa = PBXBuildFile; fileRef = 86F2D4C51AA96A310045EA17 /* phobos.jpg */; };
		86F2D4F11AA96A310045EA17 /* pluto.jpg in Resources */ = {isa = PBXBuildFile; fileRef = 86F2D4C61AA96A310045EA17 /* pluto.jpg */; };
		86F2D4F21AA96A310045EA17 /* red-btn.png in Resources */ = {isa = PBXBuildFile; fileRef = 86F2D4C71AA96A310045EA17 /* red-btn.png */; };
		86F2D4F31AA96A310045EA17 /* rhea.jpg in Resources */ = {isa = PBXBuildFile; fileRef = 86F2D4C81AA96A310045EA17 /* rhea.jpg */; };
		86F2D4F41AA96A310045EA17 /* saturn.jpg in Resources */ = {isa = PBXBuildFile; fileRef = 86F2D4C91AA96A310045EA17 /* saturn.jpg */; };
		86F2D4F51AA96A310045EA17 /* spaceship-gold.png in Resources */ = {isa = PBXBuildFile; fileRef = 86F2D4CA1AA96A310045EA17 /* spaceship-gold.png */; };
		86F2D4F61AA96A310045EA17 /* spaceship-silver.png in Resources */ = {isa = PBXBuildFile; fileRef = 86F2D4CB1AA96A310045EA17 /* spaceship-silver.png */; };
		86F2D4F71AA96A310045EA17 /* success.wav in Resources */ = {isa = PBXBuildFile; fileRef = 86F2D4CC1AA96A310045EA17 /* success.wav */; };
		86F2D4F81AA96A310045EA17 /* tethys.jpg in Resources */ = {isa = PBXBuildFile; fileRef = 86F2D4CD1AA96A310045EA17 /* tethys.jpg */; };
		86F2D4F91AA96A310045EA17 /* titan.jpg in Resources */ = {isa = PBXBuildFile; fileRef = 86F2D4CE1AA96A310045EA17 /* titan.jpg */; };
		86F2D4FA1AA96A310045EA17 /* titania.jpg in Resources */ = {isa = PBXBuildFile; fileRef = 86F2D4CF1AA96A310045EA17 /* titania.jpg */; };
		86F2D4FB1AA96A310045EA17 /* triton.jpg in Resources */ = {isa = PBXBuildFile; fileRef = 86F2D4D01AA96A310045EA17 /* triton.jpg */; };
		86F2D4FC1AA96A310045EA17 /* umbriel.jpg in Resources */ = {isa = PBXBuildFile; fileRef = 86F2D4D11AA96A310045EA17 /* umbriel.jpg */; };
		86F2D4FF1AA96C7E0045EA17 /* HomeViewController.m in Sources */ = {isa = PBXBuildFile; fileRef = 86F2D4FE1AA96C7E0045EA17 /* HomeViewController.m */; };
		86F2D5021AA96CD30045EA17 /* NewRunViewController.m in Sources */ = {isa = PBXBuildFile; fileRef = 86F2D5011AA96CD30045EA17 /* NewRunViewController.m */; };
		BFB666CBC8B3E343AEE0157E /* libPods-moonrunnerTests.a in Frameworks */ = {isa = PBXBuildFile; fileRef = 02075B5FA5254BDEB1000BC0 /* libPods-moonrunnerTests.a */; };
		DF01BA5A4AB8829D32EFA228 /* libPods-moonrunner.a in Frameworks */ = {isa = PBXBuildFile; fileRef = 1D8A5CBD116D61A99200B3B5 /* libPods-moonrunner.a */; };
/* End PBXBuildFile section */

/* Begin PBXContainerItemProxy section */
		86F2D48F1AA959200045EA17 /* PBXContainerItemProxy */ = {
			isa = PBXContainerItemProxy;
			containerPortal = 86F2D4671AA959200045EA17 /* Project object */;
			proxyType = 1;
			remoteGlobalIDString = 86F2D46E1AA959200045EA17;
			remoteInfo = moonrunner;
		};
/* End PBXContainerItemProxy section */

/* Begin PBXFileReference section */
		02075B5FA5254BDEB1000BC0 /* libPods-moonrunnerTests.a */ = {isa = PBXFileReference; explicitFileType = archive.ar; includeInIndex = 0; path = "libPods-moonrunnerTests.a"; sourceTree = BUILT_PRODUCTS_DIR; };
		1D8A5CBD116D61A99200B3B5 /* libPods-moonrunner.a */ = {isa = PBXFileReference; explicitFileType = archive.ar; includeInIndex = 0; path = "libPods-moonrunner.a"; sourceTree = BUILT_PRODUCTS_DIR; };
		4AC71C61C6EBA408B8659E2E /* Pods-moonrunnerTests.debug.xcconfig */ = {isa = PBXFileReference; includeInIndex = 1; lastKnownFileType = text.xcconfig; name = "Pods-moonrunnerTests.debug.xcconfig"; path = "Pods/Target Support Files/Pods-moonrunnerTests/Pods-moonrunnerTests.debug.xcconfig"; sourceTree = "<group>"; };
		575D5099CE92F4137F9EB853 /* Pods-moonrunnerTests.release.xcconfig */ = {isa = PBXFileReference; includeInIndex = 1; lastKnownFileType = text.xcconfig; name = "Pods-moonrunnerTests.release.xcconfig"; path = "Pods/Target Support Files/Pods-moonrunnerTests/Pods-moonrunnerTests.release.xcconfig"; sourceTree = "<group>"; };
		6D30B864113BE5057373FB03 /* Pods-moonrunner.debug.xcconfig */ = {isa = PBXFileReference; includeInIndex = 1; lastKnownFileType = text.xcconfig; name = "Pods-moonrunner.debug.xcconfig"; path = "Pods/Target Support Files/Pods-moonrunner/Pods-moonrunner.debug.xcconfig"; sourceTree = "<group>"; };
		8649B6E01AB4D4C8009AF977 /* MulticolorPolylineSegment.h */ = {isa = PBXFileReference; fileEncoding = 4; lastKnownFileType = sourcecode.c.h; path = MulticolorPolylineSegment.h; sourceTree = "<group>"; };
		8649B6E11AB4D4C8009AF977 /* MulticolorPolylineSegment.m */ = {isa = PBXFileReference; fileEncoding = 4; lastKnownFileType = sourcecode.c.objc; path = MulticolorPolylineSegment.m; sourceTree = "<group>"; };
		8649B6E31AB4E37B009AF977 /* CoreBluetooth.framework */ = {isa = PBXFileReference; lastKnownFileType = wrapper.framework; name = CoreBluetooth.framework; path = System/Library/Frameworks/CoreBluetooth.framework; sourceTree = SDKROOT; };
		8649B6E51AB4E386009AF977 /* CoreLocation.framework */ = {isa = PBXFileReference; lastKnownFileType = wrapper.framework; name = CoreLocation.framework; path = System/Library/Frameworks/CoreLocation.framework; sourceTree = SDKROOT; };
		8689F5BC1AAE979800910B37 /* MathController.h */ = {isa = PBXFileReference; fileEncoding = 4; lastKnownFileType = sourcecode.c.h; path = MathController.h; sourceTree = "<group>"; };
		8689F5BD1AAE979800910B37 /* MathController.m */ = {isa = PBXFileReference; fileEncoding = 4; lastKnownFileType = sourcecode.c.objc; path = MathController.m; sourceTree = "<group>"; };
		8689F5BF1AAE98BC00910B37 /* MathControllerTest.m */ = {isa = PBXFileReference; fileEncoding = 4; lastKnownFileType = sourcecode.c.objc; path = MathControllerTest.m; sourceTree = "<group>"; };
		86F2D46F1AA959200045EA17 /* moonrunner.app */ = {isa = PBXFileReference; explicitFileType = wrapper.application; includeInIndex = 0; path = moonrunner.app; sourceTree = BUILT_PRODUCTS_DIR; };
		86F2D4731AA959200045EA17 /* Info.plist */ = {isa = PBXFileReference; lastKnownFileType = text.plist.xml; path = Info.plist; sourceTree = "<group>"; };
		86F2D4741AA959200045EA17 /* main.m */ = {isa = PBXFileReference; lastKnownFileType = sourcecode.c.objc; path = main.m; sourceTree = "<group>"; };
		86F2D4761AA959200045EA17 /* AppDelegate.h */ = {isa = PBXFileReference; lastKnownFileType = sourcecode.c.h; path = AppDelegate.h; sourceTree = "<group>"; };
		86F2D4771AA959200045EA17 /* AppDelegate.m */ = {isa = PBXFileReference; lastKnownFileType = sourcecode.c.objc; path = AppDelegate.m; sourceTree = "<group>"; };
		86F2D47A1AA959200045EA17 /* moonrunner.xcdatamodel */ = {isa = PBXFileReference; lastKnownFileType = wrapper.xcdatamodel; path = moonrunner.xcdatamodel; sourceTree = "<group>"; };
		86F2D47F1AA959200045EA17 /* DetailViewController.h */ = {isa = PBXFileReference; lastKnownFileType = sourcecode.c.h; path = DetailViewController.h; sourceTree = "<group>"; };
		86F2D4801AA959200045EA17 /* DetailViewController.m */ = {isa = PBXFileReference; lastKnownFileType = sourcecode.c.objc; path = DetailViewController.m; sourceTree = "<group>"; };
		86F2D4831AA959200045EA17 /* Base */ = {isa = PBXFileReference; lastKnownFileType = file.storyboard; name = Base; path = Base.lproj/Main.storyboard; sourceTree = "<group>"; };
		86F2D4851AA959200045EA17 /* Images.xcassets */ = {isa = PBXFileReference; lastKnownFileType = folder.assetcatalog; path = Images.xcassets; sourceTree = "<group>"; };
		86F2D4881AA959200045EA17 /* Base */ = {isa = PBXFileReference; lastKnownFileType = file.xib; name = Base; path = Base.lproj/LaunchScreen.xib; sourceTree = "<group>"; };
		86F2D48E1AA959200045EA17 /* moonrunnerTests.xctest */ = {isa = PBXFileReference; explicitFileType = wrapper.cfbundle; includeInIndex = 0; path = moonrunnerTests.xctest; sourceTree = BUILT_PRODUCTS_DIR; };
		86F2D4931AA959200045EA17 /* Info.plist */ = {isa = PBXFileReference; lastKnownFileType = text.plist.xml; path = Info.plist; sourceTree = "<group>"; };
		86F2D4941AA959200045EA17 /* moonrunnerTests.m */ = {isa = PBXFileReference; lastKnownFileType = sourcecode.c.objc; path = moonrunnerTests.m; sourceTree = "<group>"; };
		86F2D49E1AA95A7B0045EA17 /* Run.h */ = {isa = PBXFileReference; fileEncoding = 4; lastKnownFileType = sourcecode.c.h; path = Run.h; sourceTree = "<group>"; };
		86F2D49F1AA95A7B0045EA17 /* Run.m */ = {isa = PBXFileReference; fileEncoding = 4; lastKnownFileType = sourcecode.c.objc; path = Run.m; sourceTree = "<group>"; };
		86F2D4A11AA95A7C0045EA17 /* Location.h */ = {isa = PBXFileReference; fileEncoding = 4; lastKnownFileType = sourcecode.c.h; path = Location.h; sourceTree = "<group>"; };
		86F2D4A21AA95A7C0045EA17 /* Location.m */ = {isa = PBXFileReference; fileEncoding = 4; lastKnownFileType = sourcecode.c.objc; path = Location.m; sourceTree = "<group>"; };
		86F2D4A41AA95AC00045EA17 /* MapKit.framework */ = {isa = PBXFileReference; lastKnownFileType = wrapper.framework; name = MapKit.framework; path = System/Library/Frameworks/MapKit.framework; sourceTree = SDKROOT; };
		86F2D4A71AA96A310045EA17 /* ariel.jpg */ = {isa = PBXFileReference; lastKnownFileType = image.jpeg; path = ariel.jpg; sourceTree = "<group>"; };
		86F2D4A81AA96A310045EA17 /* asteroid_belt.png */ = {isa = PBXFileReference; lastKnownFileType = image.png; path = asteroid_belt.png; sourceTree = "<group>"; };
		86F2D4A91AA96A310045EA17 /* atmosphere.jpg */ = {isa = PBXFileReference; lastKnownFileType = image.jpeg; path = atmosphere.jpg; sourceTree = "<group>"; };
		86F2D4AA1AA96A310045EA17 /* badges.txt */ = {isa = PBXFileReference; fileEncoding = 4; lastKnownFileType = text; path = badges.txt; sourceTree = "<group>"; };
		86F2D4AB1AA96A310045EA17 /* blue-btn.png */ = {isa = PBXFileReference; lastKnownFileType = image.png; path = "blue-btn.png"; sourceTree = "<group>"; };
		86F2D4AC1AA96A310045EA17 /* callisto.jpg */ = {isa = PBXFileReference; lastKnownFileType = image.jpeg; path = callisto.jpg; sourceTree = "<group>"; };
		86F2D4AD1AA96A310045EA17 /* ceres.jpg */ = {isa = PBXFileReference; lastKnownFileType = image.jpeg; path = ceres.jpg; sourceTree = "<group>"; };
		86F2D4AE1AA96A310045EA17 /* Default-568h@2x.png */ = {isa = PBXFileReference; lastKnownFileType = image.png; path = "Default-568h@2x.png"; sourceTree = "<group>"; };
		86F2D4AF1AA96A310045EA17 /* deimos.jpg */ = {isa = PBXFileReference; lastKnownFileType = image.jpeg; path = deimos.jpg; sourceTree = "<group>"; };
		86F2D4B01AA96A310045EA17 /* dione.jpg */ = {isa = PBXFileReference; lastKnownFileType = image.jpeg; path = dione.jpg; sourceTree = "<group>"; };
		86F2D4B11AA96A310045EA17 /* earth.jpg */ = {isa = PBXFileReference; lastKnownFileType = image.jpeg; path = earth.jpg; sourceTree = "<group>"; };
		86F2D4B21AA96A310045EA17 /* enceladus.jpg */ = {isa = PBXFileReference; lastKnownFileType = image.jpeg; path = enceladus.jpg; sourceTree = "<group>"; };
		86F2D4B31AA96A310045EA17 /* europa.jpg */ = {isa = PBXFileReference; lastKnownFileType = image.jpeg; path = europa.jpg; sourceTree = "<group>"; };
		86F2D4B41AA96A310045EA17 /* ganymede.jpg */ = {isa = PBXFileReference; lastKnownFileType = image.jpeg; path = ganymede.jpg; sourceTree = "<group>"; };
		86F2D4B51AA96A310045EA17 /* green-btn.png */ = {isa = PBXFileReference; lastKnownFileType = image.png; path = "green-btn.png"; sourceTree = "<group>"; };
		86F2D4B61AA96A310045EA17 /* iapetus.jpg */ = {isa = PBXFileReference; lastKnownFileType = image.jpeg; path = iapetus.jpg; sourceTree = "<group>"; };
		86F2D4B71AA96A310045EA17 /* Icon-App.png */ = {isa = PBXFileReference; lastKnownFileType = image.png; path = "Icon-App.png"; sourceTree = "<group>"; };
		86F2D4B81AA96A310045EA17 /* Icon-Settings.png */ = {isa = PBXFileReference; lastKnownFileType = image.png; path = "Icon-Settings.png"; sourceTree = "<group>"; };
		86F2D4B91AA96A310045EA17 /* Icon-Spotlight.png */ = {isa = PBXFileReference; lastKnownFileType = image.png; path = "Icon-Spotlight.png"; sourceTree = "<group>"; };
		86F2D4BA1AA96A310045EA17 /* info@2x.png */ = {isa = PBXFileReference; lastKnownFileType = image.png; path = "info@2x.png"; sourceTree = "<group>"; };
		86F2D4BB1AA96A310045EA17 /* interstellar_space.jpg */ = {isa = PBXFileReference; lastKnownFileType = image.jpeg; path = interstellar_space.jpg; sourceTree = "<group>"; };
		86F2D4BC1AA96A310045EA17 /* io.jpg */ = {isa = PBXFileReference; lastKnownFileType = image.jpeg; path = io.jpg; sourceTree = "<group>"; };
		86F2D4BD1AA96A310045EA17 /* kuiper_belt.png */ = {isa = PBXFileReference; lastKnownFileType = image.png; path = kuiper_belt.png; sourceTree = "<group>"; };
		86F2D4BE1AA96A310045EA17 /* magnetotail.png */ = {isa = PBXFileReference; lastKnownFileType = image.png; path = magnetotail.png; sourceTree = "<group>"; };
		86F2D4BF1AA96A310045EA17 /* mapPin@2x.png */ = {isa = PBXFileReference; lastKnownFileType = image.png; path = "mapPin@2x.png"; sourceTree = "<group>"; };
		86F2D4C01AA96A310045EA17 /* mars.jpg */ = {isa = PBXFileReference; lastKnownFileType = image.jpeg; path = mars.jpg; sourceTree = "<group>"; };
		86F2D4C11AA96A310045EA17 /* mimas.jpg */ = {isa = PBXFileReference; lastKnownFileType = image.jpeg; path = mimas.jpg; sourceTree = "<group>"; };
		86F2D4C21AA96A310045EA17 /* miranda.jpg */ = {isa = PBXFileReference; lastKnownFileType = image.jpeg; path = miranda.jpg; sourceTree = "<group>"; };
		86F2D4C31AA96A310045EA17 /* moon.jpg */ = {isa = PBXFileReference; lastKnownFileType = image.jpeg; path = moon.jpg; sourceTree = "<group>"; };
		86F2D4C41AA96A310045EA17 /* oberon.jpg */ = {isa = PBXFileReference; lastKnownFileType = image.jpeg; path = oberon.jpg; sourceTree = "<group>"; };
		86F2D4C51AA96A310045EA17 /* phobos.jpg */ = {isa = PBXFileReference; lastKnownFileType = image.jpeg; path = phobos.jpg; sourceTree = "<group>"; };
		86F2D4C61AA96A310045EA17 /* pluto.jpg */ = {isa = PBXFileReference; lastKnownFileType = image.jpeg; path = pluto.jpg; sourceTree = "<group>"; };
		86F2D4C71AA96A310045EA17 /* red-btn.png */ = {isa = PBXFileReference; lastKnownFileType = image.png; path = "red-btn.png"; sourceTree = "<group>"; };
		86F2D4C81AA96A310045EA17 /* rhea.jpg */ = {isa = PBXFileReference; lastKnownFileType = image.jpeg; path = rhea.jpg; sourceTree = "<group>"; };
		86F2D4C91AA96A310045EA17 /* saturn.jpg */ = {isa = PBXFileReference; lastKnownFileType = image.jpeg; path = saturn.jpg; sourceTree = "<group>"; };
		86F2D4CA1AA96A310045EA17 /* spaceship-gold.png */ = {isa = PBXFileReference; lastKnownFileType = image.png; path = "spaceship-gold.png"; sourceTree = "<group>"; };
		86F2D4CB1AA96A310045EA17 /* spaceship-silver.png */ = {isa = PBXFileReference; lastKnownFileType = image.png; path = "spaceship-silver.png"; sourceTree = "<group>"; };
		86F2D4CC1AA96A310045EA17 /* success.wav */ = {isa = PBXFileReference; lastKnownFileType = audio.wav; path = success.wav; sourceTree = "<group>"; };
		86F2D4CD1AA96A310045EA17 /* tethys.jpg */ = {isa = PBXFileReference; lastKnownFileType = image.jpeg; path = tethys.jpg; sourceTree = "<group>"; };
		86F2D4CE1AA96A310045EA17 /* titan.jpg */ = {isa = PBXFileReference; lastKnownFileType = image.jpeg; path = titan.jpg; sourceTree = "<group>"; };
		86F2D4CF1AA96A310045EA17 /* titania.jpg */ = {isa = PBXFileReference; lastKnownFileType = image.jpeg; path = titania.jpg; sourceTree = "<group>"; };
		86F2D4D01AA96A310045EA17 /* triton.jpg */ = {isa = PBXFileReference; lastKnownFileType = image.jpeg; path = triton.jpg; sourceTree = "<group>"; };
		86F2D4D11AA96A310045EA17 /* umbriel.jpg */ = {isa = PBXFileReference; lastKnownFileType = image.jpeg; path = umbriel.jpg; sourceTree = "<group>"; };
		86F2D4FD1AA96C7E0045EA17 /* HomeViewController.h */ = {isa = PBXFileReference; fileEncoding = 4; lastKnownFileType = sourcecode.c.h; path = HomeViewController.h; sourceTree = "<group>"; };
		86F2D4FE1AA96C7E0045EA17 /* HomeViewController.m */ = {isa = PBXFileReference; fileEncoding = 4; lastKnownFileType = sourcecode.c.objc; path = HomeViewController.m; sourceTree = "<group>"; };
		86F2D5001AA96CD30045EA17 /* NewRunViewController.h */ = {isa = PBXFileReference; fileEncoding = 4; lastKnownFileType = sourcecode.c.h; path = NewRunViewController.h; sourceTree = "<group>"; };
		86F2D5011AA96CD30045EA17 /* NewRunViewController.m */ = {isa = PBXFileReference; fileEncoding = 4; lastKnownFileType = sourcecode.c.objc; path = NewRunViewController.m; sourceTree = "<group>"; };
		8E20D70DDFFD15353D3CECCA /* Pods-moonrunner.release.xcconfig */ = {isa = PBXFileReference; includeInIndex = 1; lastKnownFileType = text.xcconfig; name = "Pods-moonrunner.release.xcconfig"; path = "Pods/Target Support Files/Pods-moonrunner/Pods-moonrunner.release.xcconfig"; sourceTree = "<group>"; };
/* End PBXFileReference section */

/* Begin PBXFrameworksBuildPhase section */
		86F2D46C1AA959200045EA17 /* Frameworks */ = {
			isa = PBXFrameworksBuildPhase;
			buildActionMask = 2147483647;
			files = (
				8649B6E61AB4E386009AF977 /* CoreLocation.framework in Frameworks */,
				8649B6E41AB4E37B009AF977 /* CoreBluetooth.framework in Frameworks */,
				86F2D4A51AA95AC00045EA17 /* MapKit.framework in Frameworks */,
				DF01BA5A4AB8829D32EFA228 /* libPods-moonrunner.a in Frameworks */,
			);
			runOnlyForDeploymentPostprocessing = 0;
		};
		86F2D48B1AA959200045EA17 /* Frameworks */ = {
			isa = PBXFrameworksBuildPhase;
			buildActionMask = 2147483647;
			files = (
				BFB666CBC8B3E343AEE0157E /* libPods-moonrunnerTests.a in Frameworks */,
			);
			runOnlyForDeploymentPostprocessing = 0;
		};
/* End PBXFrameworksBuildPhase section */

/* Begin PBXGroup section */
		7E1D3BCA9646B882113D457B /* Frameworks */ = {
			isa = PBXGroup;
			children = (
				8649B6E51AB4E386009AF977 /* CoreLocation.framework */,
				8649B6E31AB4E37B009AF977 /* CoreBluetooth.framework */,
				02075B5FA5254BDEB1000BC0 /* libPods-moonrunnerTests.a */,
				1D8A5CBD116D61A99200B3B5 /* libPods-moonrunner.a */,
			);
			name = Frameworks;
			sourceTree = "<group>";
		};
		86F2D4661AA959200045EA17 = {
			isa = PBXGroup;
			children = (
				86F2D4A41AA95AC00045EA17 /* MapKit.framework */,
				86F2D4711AA959200045EA17 /* moonrunner */,
				86F2D4911AA959200045EA17 /* moonrunnerTests */,
				86F2D4701AA959200045EA17 /* Products */,
				86F2D4A61AA96A310045EA17 /* moonrunner_resources */,
				C061A4616B902C9F4634D09B /* Pods */,
				7E1D3BCA9646B882113D457B /* Frameworks */,
			);
			sourceTree = "<group>";
		};
		86F2D4701AA959200045EA17 /* Products */ = {
			isa = PBXGroup;
			children = (
				86F2D46F1AA959200045EA17 /* moonrunner.app */,
				86F2D48E1AA959200045EA17 /* moonrunnerTests.xctest */,
			);
			name = Products;
			sourceTree = "<group>";
		};
		86F2D4711AA959200045EA17 /* moonrunner */ = {
			isa = PBXGroup;
			children = (
				8649B6E01AB4D4C8009AF977 /* MulticolorPolylineSegment.h */,
				8649B6E11AB4D4C8009AF977 /* MulticolorPolylineSegment.m */,
				8689F5BC1AAE979800910B37 /* MathController.h */,
				8689F5BD1AAE979800910B37 /* MathController.m */,
				86F2D4FD1AA96C7E0045EA17 /* HomeViewController.h */,
				86F2D4FE1AA96C7E0045EA17 /* HomeViewController.m */,
				86F2D4761AA959200045EA17 /* AppDelegate.h */,
				86F2D4771AA959200045EA17 /* AppDelegate.m */,
				86F2D5001AA96CD30045EA17 /* NewRunViewController.h */,
				86F2D5011AA96CD30045EA17 /* NewRunViewController.m */,
				86F2D47F1AA959200045EA17 /* DetailViewController.h */,
				86F2D4801AA959200045EA17 /* DetailViewController.m */,
				86F2D4821AA959200045EA17 /* Main.storyboard */,
				86F2D4851AA959200045EA17 /* Images.xcassets */,
				86F2D4871AA959200045EA17 /* LaunchScreen.xib */,
				86F2D4791AA959200045EA17 /* moonrunner.xcdatamodeld */,
				86F2D4A11AA95A7C0045EA17 /* Location.h */,
				86F2D4A21AA95A7C0045EA17 /* Location.m */,
				86F2D49E1AA95A7B0045EA17 /* Run.h */,
				86F2D49F1AA95A7B0045EA17 /* Run.m */,
				86F2D4721AA959200045EA17 /* Supporting Files */,
			);
			path = moonrunner;
			sourceTree = "<group>";
		};
		86F2D4721AA959200045EA17 /* Supporting Files */ = {
			isa = PBXGroup;
			children = (
				86F2D4731AA959200045EA17 /* Info.plist */,
				86F2D4741AA959200045EA17 /* main.m */,
			);
			name = "Supporting Files";
			sourceTree = "<group>";
		};
		86F2D4911AA959200045EA17 /* moonrunnerTests */ = {
			isa = PBXGroup;
			children = (
				8689F5BF1AAE98BC00910B37 /* MathControllerTest.m */,
				86F2D4941AA959200045EA17 /* moonrunnerTests.m */,
				86F2D4921AA959200045EA17 /* Supporting Files */,
			);
			path = moonrunnerTests;
			sourceTree = "<group>";
		};
		86F2D4921AA959200045EA17 /* Supporting Files */ = {
			isa = PBXGroup;
			children = (
				86F2D4931AA959200045EA17 /* Info.plist */,
			);
			name = "Supporting Files";
			sourceTree = "<group>";
		};
		86F2D4A61AA96A310045EA17 /* moonrunner_resources */ = {
			isa = PBXGroup;
			children = (
				86F2D4A71AA96A310045EA17 /* ariel.jpg */,
				86F2D4A81AA96A310045EA17 /* asteroid_belt.png */,
				86F2D4A91AA96A310045EA17 /* atmosphere.jpg */,
				86F2D4AA1AA96A310045EA17 /* badges.txt */,
				86F2D4AB1AA96A310045EA17 /* blue-btn.png */,
				86F2D4AC1AA96A310045EA17 /* callisto.jpg */,
				86F2D4AD1AA96A310045EA17 /* ceres.jpg */,
				86F2D4AE1AA96A310045EA17 /* Default-568h@2x.png */,
				86F2D4AF1AA96A310045EA17 /* deimos.jpg */,
				86F2D4B01AA96A310045EA17 /* dione.jpg */,
				86F2D4B11AA96A310045EA17 /* earth.jpg */,
				86F2D4B21AA96A310045EA17 /* enceladus.jpg */,
				86F2D4B31AA96A310045EA17 /* europa.jpg */,
				86F2D4B41AA96A310045EA17 /* ganymede.jpg */,
				86F2D4B51AA96A310045EA17 /* green-btn.png */,
				86F2D4B61AA96A310045EA17 /* iapetus.jpg */,
				86F2D4B71AA96A310045EA17 /* Icon-App.png */,
				86F2D4B81AA96A310045EA17 /* Icon-Settings.png */,
				86F2D4B91AA96A310045EA17 /* Icon-Spotlight.png */,
				86F2D4BA1AA96A310045EA17 /* info@2x.png */,
				86F2D4BB1AA96A310045EA17 /* interstellar_space.jpg */,
				86F2D4BC1AA96A310045EA17 /* io.jpg */,
				86F2D4BD1AA96A310045EA17 /* kuiper_belt.png */,
				86F2D4BE1AA96A310045EA17 /* magnetotail.png */,
				86F2D4BF1AA96A310045EA17 /* mapPin@2x.png */,
				86F2D4C01AA96A310045EA17 /* mars.jpg */,
				86F2D4C11AA96A310045EA17 /* mimas.jpg */,
				86F2D4C21AA96A310045EA17 /* miranda.jpg */,
				86F2D4C31AA96A310045EA17 /* moon.jpg */,
				86F2D4C41AA96A310045EA17 /* oberon.jpg */,
				86F2D4C51AA96A310045EA17 /* phobos.jpg */,
				86F2D4C61AA96A310045EA17 /* pluto.jpg */,
				86F2D4C71AA96A310045EA17 /* red-btn.png */,
				86F2D4C81AA96A310045EA17 /* rhea.jpg */,
				86F2D4C91AA96A310045EA17 /* saturn.jpg */,
				86F2D4CA1AA96A310045EA17 /* spaceship-gold.png */,
				86F2D4CB1AA96A310045EA17 /* spaceship-silver.png */,
				86F2D4CC1AA96A310045EA17 /* success.wav */,
				86F2D4CD1AA96A310045EA17 /* tethys.jpg */,
				86F2D4CE1AA96A310045EA17 /* titan.jpg */,
				86F2D4CF1AA96A310045EA17 /* titania.jpg */,
				86F2D4D01AA96A310045EA17 /* triton.jpg */,
				86F2D4D11AA96A310045EA17 /* umbriel.jpg */,
			);
			path = moonrunner_resources;
			sourceTree = "<group>";
		};
		C061A4616B902C9F4634D09B /* Pods */ = {
			isa = PBXGroup;
			children = (
				4AC71C61C6EBA408B8659E2E /* Pods-moonrunnerTests.debug.xcconfig */,
				575D5099CE92F4137F9EB853 /* Pods-moonrunnerTests.release.xcconfig */,
				6D30B864113BE5057373FB03 /* Pods-moonrunner.debug.xcconfig */,
				8E20D70DDFFD15353D3CECCA /* Pods-moonrunner.release.xcconfig */,
			);
			name = Pods;
			sourceTree = "<group>";
		};
/* End PBXGroup section */

/* Begin PBXNativeTarget section */
		86F2D46E1AA959200045EA17 /* moonrunner */ = {
			isa = PBXNativeTarget;
			buildConfigurationList = 86F2D4981AA959200045EA17 /* Build configuration list for PBXNativeTarget "moonrunner" */;
			buildPhases = (
				6B3AF8A5CAB9BC575E9AC334 /* Check Pods Manifest.lock */,
				86F2D46B1AA959200045EA17 /* Sources */,
				86F2D46C1AA959200045EA17 /* Frameworks */,
				86F2D46D1AA959200045EA17 /* Resources */,
				4CE04AF7BEEB760DB2D425DE /* Copy Pods Resources */,
			);
			buildRules = (
			);
			dependencies = (
			);
			name = moonrunner;
			productName = moonrunner;
			productReference = 86F2D46F1AA959200045EA17 /* moonrunner.app */;
			productType = "com.apple.product-type.application";
		};
		86F2D48D1AA959200045EA17 /* moonrunnerTests */ = {
			isa = PBXNativeTarget;
			buildConfigurationList = 86F2D49B1AA959200045EA17 /* Build configuration list for PBXNativeTarget "moonrunnerTests" */;
			buildPhases = (
				10A6E6390E16244DDD4C0113 /* Check Pods Manifest.lock */,
				86F2D48A1AA959200045EA17 /* Sources */,
				86F2D48B1AA959200045EA17 /* Frameworks */,
				86F2D48C1AA959200045EA17 /* Resources */,
				E929035998A33C49CDB6D691 /* Copy Pods Resources */,
			);
			buildRules = (
			);
			dependencies = (
				86F2D4901AA959200045EA17 /* PBXTargetDependency */,
			);
			name = moonrunnerTests;
			productName = moonrunnerTests;
			productReference = 86F2D48E1AA959200045EA17 /* moonrunnerTests.xctest */;
			productType = "com.apple.product-type.bundle.unit-test";
		};
/* End PBXNativeTarget section */

/* Begin PBXProject section */
		86F2D4671AA959200045EA17 /* Project object */ = {
			isa = PBXProject;
			attributes = {
				LastUpgradeCheck = 0610;
				ORGANIZATIONNAME = g9Labs;
				TargetAttributes = {
					86F2D46E1AA959200045EA17 = {
						CreatedOnToolsVersion = 6.1.1;
						SystemCapabilities = {
							com.apple.BackgroundModes = {
								enabled = 1;
							};
						};
					};
					86F2D48D1AA959200045EA17 = {
						CreatedOnToolsVersion = 6.1.1;
						TestTargetID = 86F2D46E1AA959200045EA17;
					};
				};
			};
			buildConfigurationList = 86F2D46A1AA959200045EA17 /* Build configuration list for PBXProject "moonrunner" */;
			compatibilityVersion = "Xcode 3.2";
			developmentRegion = English;
			hasScannedForEncodings = 0;
			knownRegions = (
				en,
				Base,
			);
			mainGroup = 86F2D4661AA959200045EA17;
			productRefGroup = 86F2D4701AA959200045EA17 /* Products */;
			projectDirPath = "";
			projectRoot = "";
			targets = (
				86F2D46E1AA959200045EA17 /* moonrunner */,
				86F2D48D1AA959200045EA17 /* moonrunnerTests */,
			);
		};
/* End PBXProject section */

/* Begin PBXResourcesBuildPhase section */
		86F2D46D1AA959200045EA17 /* Resources */ = {
			isa = PBXResourcesBuildPhase;
			buildActionMask = 2147483647;
			files = (
				86F2D4E71AA96A310045EA17 /* io.jpg in Resources */,
				86F2D4D81AA96A310045EA17 /* ceres.jpg in Resources */,
				86F2D4F01AA96A310045EA17 /* phobos.jpg in Resources */,
				86F2D4D91AA96A310045EA17 /* Default-568h@2x.png in Resources */,
				86F2D4ED1AA96A310045EA17 /* miranda.jpg in Resources */,
				86F2D4D61AA96A310045EA17 /* blue-btn.png in Resources */,
				86F2D4F21AA96A310045EA17 /* red-btn.png in Resources */,
				86F2D4E91AA96A310045EA17 /* magnetotail.png in Resources */,
				86F2D4F31AA96A310045EA17 /* rhea.jpg in Resources */,
				86F2D4841AA959200045EA17 /* Main.storyboard in Resources */,
				86F2D4D51AA96A310045EA17 /* badges.txt in Resources */,
				86F2D4DE1AA96A310045EA17 /* europa.jpg in Resources */,
				86F2D4DF1AA96A310045EA17 /* ganymede.jpg in Resources */,
				86F2D4D41AA96A310045EA17 /* atmosphere.jpg in Resources */,
				86F2D4D21AA96A310045EA17 /* ariel.jpg in Resources */,
				86F2D4891AA959200045EA17 /* LaunchScreen.xib in Resources */,
				86F2D4E11AA96A310045EA17 /* iapetus.jpg in Resources */,
				86F2D4F91AA96A310045EA17 /* titan.jpg in Resources */,
				86F2D4E41AA96A310045EA17 /* Icon-Spotlight.png in Resources */,
				86F2D4E01AA96A310045EA17 /* green-btn.png in Resources */,
				86F2D4FA1AA96A310045EA17 /* titania.jpg in Resources */,
				86F2D4FB1AA96A310045EA17 /* triton.jpg in Resources */,
				86F2D4EE1AA96A310045EA17 /* moon.jpg in Resources */,
				86F2D4D71AA96A310045EA17 /* callisto.jpg in Resources */,
				86F2D4EF1AA96A310045EA17 /* oberon.jpg in Resources */,
				86F2D4F81AA96A310045EA17 /* tethys.jpg in Resources */,
				86F2D4FC1AA96A310045EA17 /* umbriel.jpg in Resources */,
				86F2D4861AA959200045EA17 /* Images.xcassets in Resources */,
				86F2D4DC1AA96A310045EA17 /* earth.jpg in Resources */,
				86F2D4DD1AA96A310045EA17 /* enceladus.jpg in Resources */,
				86F2D4E61AA96A310045EA17 /* interstellar_space.jpg in Resources */,
				86F2D4DA1AA96A310045EA17 /* deimos.jpg in Resources */,
				86F2D4E31AA96A310045EA17 /* Icon-Settings.png in Resources */,
				86F2D4DB1AA96A310045EA17 /* dione.jpg in Resources */,
				86F2D4EC1AA96A310045EA17 /* mimas.jpg in Resources */,
				86F2D4F71AA96A310045EA17 /* success.wav in Resources */,
				86F2D4EA1AA96A310045EA17 /* mapPin@2x.png in Resources */,
				86F2D4F51AA96A310045EA17 /* spaceship-gold.png in Resources */,
				86F2D4EB1AA96A310045EA17 /* mars.jpg in Resources */,
				86F2D4F61AA96A310045EA17 /* spaceship-silver.png in Resources */,
				86F2D4E21AA96A310045EA17 /* Icon-App.png in Resources */,
				86F2D4D31AA96A310045EA17 /* asteroid_belt.png in Resources */,
				86F2D4F11AA96A310045EA17 /* pluto.jpg in Resources */,
				86F2D4E81AA96A310045EA17 /* kuiper_belt.png in Resources */,
				86F2D4F41AA96A310045EA17 /* saturn.jpg in Resources */,
				86F2D4E51AA96A310045EA17 /* info@2x.png in Resources */,
			);
			runOnlyForDeploymentPostprocessing = 0;
		};
		86F2D48C1AA959200045EA17 /* Resources */ = {
			isa = PBXResourcesBuildPhase;
			buildActionMask = 2147483647;
			files = (
			);
			runOnlyForDeploymentPostprocessing = 0;
		};
/* End PBXResourcesBuildPhase section */

/* Begin PBXShellScriptBuildPhase section */
		10A6E6390E16244DDD4C0113 /* Check Pods Manifest.lock */ = {
			isa = PBXShellScriptBuildPhase;
			buildActionMask = 2147483647;
			files = (
			);
			inputPaths = (
			);
			name = "Check Pods Manifest.lock";
			outputPaths = (
			);
			runOnlyForDeploymentPostprocessing = 0;
			shellPath = /bin/sh;
			shellScript = "diff \"${PODS_ROOT}/../Podfile.lock\" \"${PODS_ROOT}/Manifest.lock\" > /dev/null\nif [[ $? != 0 ]] ; then\n    cat << EOM\nerror: The sandbox is not in sync with the Podfile.lock. Run 'pod install' or update your CocoaPods installation.\nEOM\n    exit 1\nfi\n";
			showEnvVarsInLog = 0;
		};
		4CE04AF7BEEB760DB2D425DE /* Copy Pods Resources */ = {
			isa = PBXShellScriptBuildPhase;
			buildActionMask = 2147483647;
			files = (
			);
			inputPaths = (
			);
			name = "Copy Pods Resources";
			outputPaths = (
			);
			runOnlyForDeploymentPostprocessing = 0;
			shellPath = /bin/sh;
			shellScript = "\"${SRCROOT}/Pods/Target Support Files/Pods-moonrunner/Pods-moonrunner-resources.sh\"\n";
			showEnvVarsInLog = 0;
		};
		6B3AF8A5CAB9BC575E9AC334 /* Check Pods Manifest.lock */ = {
			isa = PBXShellScriptBuildPhase;
			buildActionMask = 2147483647;
			files = (
			);
			inputPaths = (
			);
			name = "Check Pods Manifest.lock";
			outputPaths = (
			);
			runOnlyForDeploymentPostprocessing = 0;
			shellPath = /bin/sh;
			shellScript = "diff \"${PODS_ROOT}/../Podfile.lock\" \"${PODS_ROOT}/Manifest.lock\" > /dev/null\nif [[ $? != 0 ]] ; then\n    cat << EOM\nerror: The sandbox is not in sync with the Podfile.lock. Run 'pod install' or update your CocoaPods installation.\nEOM\n    exit 1\nfi\n";
			showEnvVarsInLog = 0;
		};
		E929035998A33C49CDB6D691 /* Copy Pods Resources */ = {
			isa = PBXShellScriptBuildPhase;
			buildActionMask = 2147483647;
			files = (
			);
			inputPaths = (
			);
			name = "Copy Pods Resources";
			outputPaths = (
			);
			runOnlyForDeploymentPostprocessing = 0;
			shellPath = /bin/sh;
			shellScript = "\"${SRCROOT}/Pods/Target Support Files/Pods-moonrunnerTests/Pods-moonrunnerTests-resources.sh\"\n";
			showEnvVarsInLog = 0;
		};
/* End PBXShellScriptBuildPhase section */

/* Begin PBXSourcesBuildPhase section */
		86F2D46B1AA959200045EA17 /* Sources */ = {
			isa = PBXSourcesBuildPhase;
			buildActionMask = 2147483647;
			files = (
				86F2D4811AA959200045EA17 /* DetailViewController.m in Sources */,
				86F2D4A31AA95A7C0045EA17 /* Location.m in Sources */,
				8689F5BE1AAE979800910B37 /* MathController.m in Sources */,
				8649B6E21AB4D4C8009AF977 /* MulticolorPolylineSegment.m in Sources */,
				86F2D4781AA959200045EA17 /* AppDelegate.m in Sources */,
				86F2D4A01AA95A7B0045EA17 /* Run.m in Sources */,
				86F2D4751AA959200045EA17 /* main.m in Sources */,
				86F2D4FF1AA96C7E0045EA17 /* HomeViewController.m in Sources */,
				86F2D47B1AA959200045EA17 /* moonrunner.xcdatamodeld in Sources */,
				86F2D5021AA96CD30045EA17 /* NewRunViewController.m in Sources */,
			);
			runOnlyForDeploymentPostprocessing = 0;
		};
		86F2D48A1AA959200045EA17 /* Sources */ = {
			isa = PBXSourcesBuildPhase;
			buildActionMask = 2147483647;
			files = (
				86F2D4951AA959200045EA17 /* moonrunnerTests.m in Sources */,
				8689F5C01AAE98BC00910B37 /* MathControllerTest.m in Sources */,
			);
			runOnlyForDeploymentPostprocessing = 0;
		};
/* End PBXSourcesBuildPhase section */

/* Begin PBXTargetDependency section */
		86F2D4901AA959200045EA17 /* PBXTargetDependency */ = {
			isa = PBXTargetDependency;
			target = 86F2D46E1AA959200045EA17 /* moonrunner */;
			targetProxy = 86F2D48F1AA959200045EA17 /* PBXContainerItemProxy */;
		};
/* End PBXTargetDependency section */

/* Begin PBXVariantGroup section */
		86F2D4821AA959200045EA17 /* Main.storyboard */ = {
			isa = PBXVariantGroup;
			children = (
				86F2D4831AA959200045EA17 /* Base */,
			);
			name = Main.storyboard;
			sourceTree = "<group>";
		};
		86F2D4871AA959200045EA17 /* LaunchScreen.xib */ = {
			isa = PBXVariantGroup;
			children = (
				86F2D4881AA959200045EA17 /* Base */,
			);
			name = LaunchScreen.xib;
			sourceTree = "<group>";
		};
/* End PBXVariantGroup section */

/* Begin XCBuildConfiguration section */
		86F2D4961AA959200045EA17 /* Debug */ = {
			isa = XCBuildConfiguration;
			buildSettings = {
				ALWAYS_SEARCH_USER_PATHS = NO;
				CLANG_CXX_LANGUAGE_STANDARD = "gnu++0x";
				CLANG_CXX_LIBRARY = "libc++";
				CLANG_ENABLE_MODULES = YES;
				CLANG_ENABLE_OBJC_ARC = YES;
				CLANG_WARN_BOOL_CONVERSION = YES;
				CLANG_WARN_CONSTANT_CONVERSION = YES;
				CLANG_WARN_DIRECT_OBJC_ISA_USAGE = YES_ERROR;
				CLANG_WARN_EMPTY_BODY = YES;
				CLANG_WARN_ENUM_CONVERSION = YES;
				CLANG_WARN_INT_CONVERSION = YES;
				CLANG_WARN_OBJC_ROOT_CLASS = YES_ERROR;
				CLANG_WARN_UNREACHABLE_CODE = YES;
				CLANG_WARN__DUPLICATE_METHOD_MATCH = YES;
				"CODE_SIGN_IDENTITY[sdk=iphoneos*]" = "iPhone Developer";
				COPY_PHASE_STRIP = NO;
				ENABLE_STRICT_OBJC_MSGSEND = YES;
				GCC_C_LANGUAGE_STANDARD = gnu99;
				GCC_DYNAMIC_NO_PIC = NO;
				GCC_OPTIMIZATION_LEVEL = 0;
				GCC_PREPROCESSOR_DEFINITIONS = (
					"DEBUG=1",
					"$(inherited)",
				);
				GCC_SYMBOLS_PRIVATE_EXTERN = NO;
				GCC_WARN_64_TO_32_BIT_CONVERSION = YES;
				GCC_WARN_ABOUT_RETURN_TYPE = YES_ERROR;
				GCC_WARN_UNDECLARED_SELECTOR = YES;
				GCC_WARN_UNINITIALIZED_AUTOS = YES_AGGRESSIVE;
				GCC_WARN_UNUSED_FUNCTION = YES;
				GCC_WARN_UNUSED_VARIABLE = YES;
				IPHONEOS_DEPLOYMENT_TARGET = 8.1;
				MTL_ENABLE_DEBUG_INFO = YES;
				ONLY_ACTIVE_ARCH = YES;
				SDKROOT = iphoneos;
				TARGETED_DEVICE_FAMILY = "1,2";
			};
			name = Debug;
		};
		86F2D4971AA959200045EA17 /* Release */ = {
			isa = XCBuildConfiguration;
			buildSettings = {
				ALWAYS_SEARCH_USER_PATHS = NO;
				CLANG_CXX_LANGUAGE_STANDARD = "gnu++0x";
				CLANG_CXX_LIBRARY = "libc++";
				CLANG_ENABLE_MODULES = YES;
				CLANG_ENABLE_OBJC_ARC = YES;
				CLANG_WARN_BOOL_CONVERSION = YES;
				CLANG_WARN_CONSTANT_CONVERSION = YES;
				CLANG_WARN_DIRECT_OBJC_ISA_USAGE = YES_ERROR;
				CLANG_WARN_EMPTY_BODY = YES;
				CLANG_WARN_ENUM_CONVERSION = YES;
				CLANG_WARN_INT_CONVERSION = YES;
				CLANG_WARN_OBJC_ROOT_CLASS = YES_ERROR;
				CLANG_WARN_UNREACHABLE_CODE = YES;
				CLANG_WARN__DUPLICATE_METHOD_MATCH = YES;
				"CODE_SIGN_IDENTITY[sdk=iphoneos*]" = "iPhone Developer";
				COPY_PHASE_STRIP = YES;
				ENABLE_NS_ASSERTIONS = NO;
				ENABLE_STRICT_OBJC_MSGSEND = YES;
				GCC_C_LANGUAGE_STANDARD = gnu99;
				GCC_WARN_64_TO_32_BIT_CONVERSION = YES;
				GCC_WARN_ABOUT_RETURN_TYPE = YES_ERROR;
				GCC_WARN_UNDECLARED_SELECTOR = YES;
				GCC_WARN_UNINITIALIZED_AUTOS = YES_AGGRESSIVE;
				GCC_WARN_UNUSED_FUNCTION = YES;
				GCC_WARN_UNUSED_VARIABLE = YES;
				IPHONEOS_DEPLOYMENT_TARGET = 8.1;
				MTL_ENABLE_DEBUG_INFO = NO;
				SDKROOT = iphoneos;
				TARGETED_DEVICE_FAMILY = "1,2";
				VALIDATE_PRODUCT = YES;
			};
			name = Release;
		};
		86F2D4991AA959200045EA17 /* Debug */ = {
			isa = XCBuildConfiguration;
			baseConfigurationReference = 6D30B864113BE5057373FB03 /* Pods-moonrunner.debug.xcconfig */;
			buildSettings = {
				ASSETCATALOG_COMPILER_APPICON_NAME = AppIcon;
				INFOPLIST_FILE = moonrunner/Info.plist;
				LD_RUNPATH_SEARCH_PATHS = "$(inherited) @executable_path/Frameworks";
				PRODUCT_NAME = "$(TARGET_NAME)";
			};
			name = Debug;
		};
		86F2D49A1AA959200045EA17 /* Release */ = {
			isa = XCBuildConfiguration;
			baseConfigurationReference = 8E20D70DDFFD15353D3CECCA /* Pods-moonrunner.release.xcconfig */;
			buildSettings = {
				ASSETCATALOG_COMPILER_APPICON_NAME = AppIcon;
				INFOPLIST_FILE = moonrunner/Info.plist;
				LD_RUNPATH_SEARCH_PATHS = "$(inherited) @executable_path/Frameworks";
				PRODUCT_NAME = "$(TARGET_NAME)";
			};
			name = Release;
		};
		86F2D49C1AA959200045EA17 /* Debug */ = {
			isa = XCBuildConfiguration;
			baseConfigurationReference = 4AC71C61C6EBA408B8659E2E /* Pods-moonrunnerTests.debug.xcconfig */;
			buildSettings = {
				BUNDLE_LOADER = "$(TEST_HOST)";
				FRAMEWORK_SEARCH_PATHS = (
					"$(SDKROOT)/Developer/Library/Frameworks",
					"$(inherited)",
				);
				GCC_PREPROCESSOR_DEFINITIONS = (
					"DEBUG=1",
					"$(inherited)",
				);
				INFOPLIST_FILE = moonrunnerTests/Info.plist;
				LD_RUNPATH_SEARCH_PATHS = "$(inherited) @executable_path/Frameworks @loader_path/Frameworks";
				PRODUCT_NAME = "$(TARGET_NAME)";
				TEST_HOST = "$(BUILT_PRODUCTS_DIR)/moonrunner.app/moonrunner";
			};
			name = Debug;
		};
		86F2D49D1AA959200045EA17 /* Release */ = {
			isa = XCBuildConfiguration;
			baseConfigurationReference = 575D5099CE92F4137F9EB853 /* Pods-moonrunnerTests.release.xcconfig */;
			buildSettings = {
				BUNDLE_LOADER = "$(TEST_HOST)";
				FRAMEWORK_SEARCH_PATHS = (
					"$(SDKROOT)/Developer/Library/Frameworks",
					"$(inherited)",
				);
				INFOPLIST_FILE = moonrunnerTests/Info.plist;
				LD_RUNPATH_SEARCH_PATHS = "$(inherited) @executable_path/Frameworks @loader_path/Frameworks";
				PRODUCT_NAME = "$(TARGET_NAME)";
				TEST_HOST = "$(BUILT_PRODUCTS_DIR)/moonrunner.app/moonrunner";
			};
			name = Release;
		};
/* End XCBuildConfiguration section */

/* Begin XCConfigurationList section */
		86F2D46A1AA959200045EA17 /* Build configuration list for PBXProject "moonrunner" */ = {
			isa = XCConfigurationList;
			buildConfigurations = (
				86F2D4961AA959200045EA17 /* Debug */,
				86F2D4971AA959200045EA17 /* Release */,
			);
			defaultConfigurationIsVisible = 0;
			defaultConfigurationName = Release;
		};
		86F2D4981AA959200045EA17 /* Build configuration list for PBXNativeTarget "moonrunner" */ = {
			isa = XCConfigurationList;
			buildConfigurations = (
				86F2D4991AA959200045EA17 /* Debug */,
				86F2D49A1AA959200045EA17 /* Release */,
			);
			defaultConfigurationIsVisible = 0;
			defaultConfigurationName = Release;
		};
		86F2D49B1AA959200045EA17 /* Build configuration list for PBXNativeTarget "moonrunnerTests" */ = {
			isa = XCConfigurationList;
			buildConfigurations = (
				86F2D49C1AA959200045EA17 /* Debug */,
				86F2D49D1AA959200045EA17 /* Release */,
			);
			defaultConfigurationIsVisible = 0;
			defaultConfigurationName = Release;
		};
/* End XCConfigurationList section */

/* Begin XCVersionGroup section */
		86F2D4791AA959200045EA17 /* moonrunner.xcdatamodeld */ = {
			isa = XCVersionGroup;
			children = (
				86F2D47A1AA959200045EA17 /* moonrunner.xcdatamodel */,
			);
			currentVersion = 86F2D47A1AA959200045EA17 /* moonrunner.xcdatamodel */;
			path = moonrunner.xcdatamodeld;
			sourceTree = "<group>";
			versionGroupType = wrapper.xcdatamodel;
		};
/* End XCVersionGroup section */
	};
	rootObject = 86F2D4671AA959200045EA17 /* Project object */;
}
